
Microsoft Visual Studio Solution File, Format Version 12.00
# Visual Studio Version 16
VisualStudioVersion = 16.0.30608.117
MinimumVisualStudioVersion = 10.0.40219.1
Project("{9A19103F-16F7-4668-BE54-9A1E7A4F7556}") = "Conference.Api", "Conference.GrapQLApi\Conference.Api.csproj", "{D2132565-8D19-4D5F-87F4-304992B3F30C}"
EndProject
Project("{9A19103F-16F7-4668-BE54-9A1E7A4F7556}") = "Conference.Data", "Conference.Data\Conference.Data.csproj", "{3960D8E4-6B8F-4856-8265-DBF6921C0BE2}"
EndProject
Project("{9A19103F-16F7-4668-BE54-9A1E7A4F7556}") = "Conference.Domain", "Conference.Domain\Conference.Domain.csproj", "{A8BB67F0-D692-4E4D-A9DB-5DC8DA3442D9}"
EndProject
Project("{9A19103F-16F7-4668-BE54-9A1E7A4F7556}") = "Conference.FeedbackApi", "Conference.FeedbackApi\Conference.FeedbackApi.csproj", "{A7318464-DA20-475D-BDBA-26B85CE90C74}"
EndProject
Project("{FAE04EC0-301F-11D3-BF4B-00C04F79EFBC}") = "Conference.Service", "Conference.Service\Conference.Service.csproj", "{B5F45D8B-EBAF-4A59-B673-D141E390459E}"
EndProject
Global
	GlobalSection(SolutionConfigurationPlatforms) = preSolution
		Debug|Any CPU = Debug|Any CPU
		Release|Any CPU = Release|Any CPU
	EndGlobalSection
	GlobalSection(ProjectConfigurationPlatforms) = postSolution
		{D2132565-8D19-4D5F-87F4-304992B3F30C}.Debug|Any CPU.ActiveCfg = Debug|Any CPU
		{D2132565-8D19-4D5F-87F4-304992B3F30C}.Debug|Any CPU.Build.0 = Debug|Any CPU
		{D2132565-8D19-4D5F-87F4-304992B3F30C}.Release|Any CPU.ActiveCfg = Release|Any CPU
		{D2132565-8D19-4D5F-87F4-304992B3F30C}.Release|Any CPU.Build.0 = Release|Any CPU
		{3960D8E4-6B8F-4856-8265-DBF6921C0BE2}.Debug|Any CPU.ActiveCfg = Debug|Any CPU
		{3960D8E4-6B8F-4856-8265-DBF6921C0BE2}.Debug|Any CPU.Build.0 = Debug|Any CPU
		{3960D8E4-6B8F-4856-8265-DBF6921C0BE2}.Release|Any CPU.ActiveCfg = Release|Any CPU
		{3960D8E4-6B8F-4856-8265-DBF6921C0BE2}.Release|Any CPU.Build.0 = Release|Any CPU
		{A8BB67F0-D692-4E4D-A9DB-5DC8DA3442D9}.Debug|Any CPU.ActiveCfg = Debug|Any CPU
		{A8BB67F0-D692-4E4D-A9DB-5DC8DA3442D9}.Debug|Any CPU.Build.0 = Debug|Any CPU
		{A8BB67F0-D692-4E4D-A9DB-5DC8DA3442D9}.Release|Any CPU.ActiveCfg = Release|Any CPU
		{A8BB67F0-D692-4E4D-A9DB-5DC8DA3442D9}.Release|Any CPU.Build.0 = Release|Any CPU
		{A7318464-DA20-475D-BDBA-26B85CE90C74}.Debug|Any CPU.ActiveCfg = Debug|Any CPU
		{A7318464-DA20-475D-BDBA-26B85CE90C74}.Debug|Any CPU.Build.0 = Debug|Any CPU
		{A7318464-DA20-475D-BDBA-26B85CE90C74}.Release|Any CPU.ActiveCfg = Release|Any CPU
		{A7318464-DA20-475D-BDBA-26B85CE90C74}.Release|Any CPU.Build.0 = Release|Any CPU
		{B5F45D8B-EBAF-4A59-B673-D141E390459E}.Debug|Any CPU.ActiveCfg = Debug|Any CPU
		{B5F45D8B-EBAF-4A59-B673-D141E390459E}.Debug|Any CPU.Build.0 = Debug|Any CPU
		{B5F45D8B-EBAF-4A59-B673-D141E390459E}.Release|Any CPU.ActiveCfg = Release|Any CPU
		{B5F45D8B-EBAF-4A59-B673-D141E390459E}.Release|Any CPU.Build.0 = Release|Any CPU
	EndGlobalSection
	GlobalSection(SolutionProperties) = preSolution
		HideSolutionNode = FALSE
	EndGlobalSection
	GlobalSection(ExtensibilityGlobals) = postSolution
		SolutionGuid = {8471BC7D-0C59-48FF-BF3C-2F3C5F7EB34A}
	EndGlobalSection
EndGlobal
